
Microsoft Visual Studio Solution File, Format Version 12.00
# Visual Studio 15
VisualStudioVersion = 15.0.26430.14
MinimumVisualStudioVersion = 10.0.40219.1
Project("{FAE04EC0-301F-11D3-BF4B-00C04F79EFBC}") = "WUApiLib.Extensions.Async", "WUApiLib.Extensions.Async\WUApiLib.Extensions.Async.csproj", "{A24F4B1A-3F37-442B-BF5C-2E7AC9AD2FAD}"
EndProject
Project("{FAE04EC0-301F-11D3-BF4B-00C04F79EFBC}") = "WUApiLib.Extensions.Async.UnitTest", "WUApiLib.Extensions.Async.UnitTest\WUApiLib.Extensions.Async.UnitTest.csproj", "{ACA39C22-E202-4518-ACF6-764B70392E8E}"
EndProject
Project("{FAE04EC0-301F-11D3-BF4B-00C04F79EFBC}") = "WUApiLib.Extensions", "WUApiLib.Extensions\WUApiLib.Extensions.csproj", "{ACFF0048-C65C-49E8-8799-129AD80BBEF2}"
EndProject
Project("{FAE04EC0-301F-11D3-BF4B-00C04F79EFBC}") = "WUApiLib.Utility", "WUApiLib.Utility\WUApiLib.Utility.csproj", "{77F2F420-1548-42B3-9AC0-B2B886554BCD}"
EndProject
Global
	GlobalSection(SolutionConfigurationPlatforms) = preSolution
		Debug|Any CPU = Debug|Any CPU
		Release|Any CPU = Release|Any CPU
	EndGlobalSection
	GlobalSection(ProjectConfigurationPlatforms) = postSolution
		{A24F4B1A-3F37-442B-BF5C-2E7AC9AD2FAD}.Debug|Any CPU.ActiveCfg = Debug|Any CPU
		{A24F4B1A-3F37-442B-BF5C-2E7AC9AD2FAD}.Debug|Any CPU.Build.0 = Debug|Any CPU
		{A24F4B1A-3F37-442B-BF5C-2E7AC9AD2FAD}.Release|Any CPU.ActiveCfg = Release|Any CPU
		{A24F4B1A-3F37-442B-BF5C-2E7AC9AD2FAD}.Release|Any CPU.Build.0 = Release|Any CPU
		{ACA39C22-E202-4518-ACF6-764B70392E8E}.Debug|Any CPU.ActiveCfg = Debug|Any CPU
		{ACA39C22-E202-4518-ACF6-764B70392E8E}.Debug|Any CPU.Build.0 = Debug|Any CPU
		{ACA39C22-E202-4518-ACF6-764B70392E8E}.Release|Any CPU.ActiveCfg = Release|Any CPU
		{ACA39C22-E202-4518-ACF6-764B70392E8E}.Release|Any CPU.Build.0 = Release|Any CPU
		{ACFF0048-C65C-49E8-8799-129AD80BBEF2}.Debug|Any CPU.ActiveCfg = Debug|Any CPU
		{ACFF0048-C65C-49E8-8799-129AD80BBEF2}.Debug|Any CPU.Build.0 = Debug|Any CPU
		{ACFF0048-C65C-49E8-8799-129AD80BBEF2}.Release|Any CPU.ActiveCfg = Release|Any CPU
		{ACFF0048-C65C-49E8-8799-129AD80BBEF2}.Release|Any CPU.Build.0 = Release|Any CPU
		{77F2F420-1548-42B3-9AC0-B2B886554BCD}.Debug|Any CPU.ActiveCfg = Debug|Any CPU
		{77F2F420-1548-42B3-9AC0-B2B886554BCD}.Debug|Any CPU.Build.0 = Debug|Any CPU
		{77F2F420-1548-42B3-9AC0-B2B886554BCD}.Release|Any CPU.ActiveCfg = Release|Any CPU
		{77F2F420-1548-42B3-9AC0-B2B886554BCD}.Release|Any CPU.Build.0 = Release|Any CPU
	EndGlobalSection
	GlobalSection(SolutionProperties) = preSolution
		HideSolutionNode = FALSE
	EndGlobalSection
EndGlobal
